// !$*UTF8*$!
{
	archiveVersion = 1;
	classes = {
	};
	objectVersion = 46;
	objects = {

/* Begin PBXBuildFile section */
		DB61888D1C07A8A8002D9D97 /* AppDelegate.swift in Sources */ = {isa = PBXBuildFile; fileRef = DB61888C1C07A8A8002D9D97 /* AppDelegate.swift */; };
		DB61888F1C07A8A8002D9D97 /* ViewController.swift in Sources */ = {isa = PBXBuildFile; fileRef = DB61888E1C07A8A8002D9D97 /* ViewController.swift */; };
		DB6188921C07A8A8002D9D97 /* Main.storyboard in Resources */ = {isa = PBXBuildFile; fileRef = DB6188901C07A8A8002D9D97 /* Main.storyboard */; };
		DB6188941C07A8A8002D9D97 /* Assets.xcassets in Resources */ = {isa = PBXBuildFile; fileRef = DB6188931C07A8A8002D9D97 /* Assets.xcassets */; };
		DB6188971C07A8A8002D9D97 /* LaunchScreen.storyboard in Resources */ = {isa = PBXBuildFile; fileRef = DB6188951C07A8A8002D9D97 /* LaunchScreen.storyboard */; };
		DB6188A21C07A8A8002D9D97 /* twoWayCommunicationTests.swift in Sources */ = {isa = PBXBuildFile; fileRef = DB6188A11C07A8A8002D9D97 /* twoWayCommunicationTests.swift */; };
		DB6188AD1C07A8A8002D9D97 /* twoWayCommunicationUITests.swift in Sources */ = {isa = PBXBuildFile; fileRef = DB6188AC1C07A8A8002D9D97 /* twoWayCommunicationUITests.swift */; };
/* End PBXBuildFile section */

/* Begin PBXContainerItemProxy section */
		DB61889E1C07A8A8002D9D97 /* PBXContainerItemProxy */ = {
			isa = PBXContainerItemProxy;
			containerPortal = DB6188811C07A8A8002D9D97 /* Project object */;
			proxyType = 1;
			remoteGlobalIDString = DB6188881C07A8A8002D9D97;
			remoteInfo = twoWayCommunication;
		};
		DB6188A91C07A8A8002D9D97 /* PBXContainerItemProxy */ = {
			isa = PBXContainerItemProxy;
			containerPortal = DB6188811C07A8A8002D9D97 /* Project object */;
			proxyType = 1;
			remoteGlobalIDString = DB6188881C07A8A8002D9D97;
			remoteInfo = twoWayCommunication;
		};
/* End PBXContainerItemProxy section */

/* Begin PBXFileReference section */
		DB6188891C07A8A8002D9D97 /* twoWayCommunication.app */ = {isa = PBXFileReference; explicitFileType = wrapper.application; includeInIndex = 0; path = twoWayCommunication.app; sourceTree = BUILT_PRODUCTS_DIR; };
		DB61888C1C07A8A8002D9D97 /* AppDelegate.swift */ = {isa = PBXFileReference; lastKnownFileType = sourcecode.swift; path = AppDelegate.swift; sourceTree = "<group>"; };
		DB61888E1C07A8A8002D9D97 /* ViewController.swift */ = {isa = PBXFileReference; lastKnownFileType = sourcecode.swift; path = ViewController.swift; sourceTree = "<group>"; };
		DB6188911C07A8A8002D9D97 /* Base */ = {isa = PBXFileReference; lastKnownFileType = file.storyboard; name = Base; path = Base.lproj/Main.storyboard; sourceTree = "<group>"; };
		DB6188931C07A8A8002D9D97 /* Assets.xcassets */ = {isa = PBXFileReference; lastKnownFileType = folder.assetcatalog; path = Assets.xcassets; sourceTree = "<group>"; };
		DB6188961C07A8A8002D9D97 /* Base */ = {isa = PBXFileReference; lastKnownFileType = file.storyboard; name = Base; path = Base.lproj/LaunchScreen.storyboard; sourceTree = "<group>"; };
		DB6188981C07A8A8002D9D97 /* Info.plist */ = {isa = PBXFileReference; lastKnownFileType = text.plist.xml; path = Info.plist; sourceTree = "<group>"; };
		DB61889D1C07A8A8002D9D97 /* twoWayCommunicationTests.xctest */ = {isa = PBXFileReference; explicitFileType = wrapper.cfbundle; includeInIndex = 0; path = twoWayCommunicationTests.xctest; sourceTree = BUILT_PRODUCTS_DIR; };
		DB6188A11C07A8A8002D9D97 /* twoWayCommunicationTests.swift */ = {isa = PBXFileReference; lastKnownFileType = sourcecode.swift; path = twoWayCommunicationTests.swift; sourceTree = "<group>"; };
		DB6188A31C07A8A8002D9D97 /* Info.plist */ = {isa = PBXFileReference; lastKnownFileType = text.plist.xml; path = Info.plist; sourceTree = "<group>"; };
		DB6188A81C07A8A8002D9D97 /* twoWayCommunicationUITests.xctest */ = {isa = PBXFileReference; explicitFileType = wrapper.cfbundle; includeInIndex = 0; path = twoWayCommunicationUITests.xctest; sourceTree = BUILT_PRODUCTS_DIR; };
		DB6188AC1C07A8A8002D9D97 /* twoWayCommunicationUITests.swift */ = {isa = PBXFileReference; lastKnownFileType = sourcecode.swift; path = twoWayCommunicationUITests.swift; sourceTree = "<group>"; };
		DB6188AE1C07A8A8002D9D97 /* Info.plist */ = {isa = PBXFileReference; lastKnownFileType = text.plist.xml; path = Info.plist; sourceTree = "<group>"; };
/* End PBXFileReference section */

/* Begin PBXFrameworksBuildPhase section */
		DB6188861C07A8A8002D9D97 /* Frameworks */ = {
			isa = PBXFrameworksBuildPhase;
			buildActionMask = 2147483647;
			files = (
			);
			runOnlyForDeploymentPostprocessing = 0;
		};
		DB61889A1C07A8A8002D9D97 /* Frameworks */ = {
			isa = PBXFrameworksBuildPhase;
			buildActionMask = 2147483647;
			files = (
			);
			runOnlyForDeploymentPostprocessing = 0;
		};
		DB6188A51C07A8A8002D9D97 /* Frameworks */ = {
			isa = PBXFrameworksBuildPhase;
			buildActionMask = 2147483647;
			files = (
			);
			runOnlyForDeploymentPostprocessing = 0;
		};
/* End PBXFrameworksBuildPhase section */

/* Begin PBXGroup section */
		DB6188801C07A8A8002D9D97 = {
			isa = PBXGroup;
			children = (
				DB61888B1C07A8A8002D9D97 /* twoWayCommunication */,
				DB6188A01C07A8A8002D9D97 /* twoWayCommunicationTests */,
				DB6188AB1C07A8A8002D9D97 /* twoWayCommunicationUITests */,
				DB61888A1C07A8A8002D9D97 /* Products */,
			);
			sourceTree = "<group>";
		};
		DB61888A1C07A8A8002D9D97 /* Products */ = {
			isa = PBXGroup;
			children = (
				DB6188891C07A8A8002D9D97 /* twoWayCommunication.app */,
				DB61889D1C07A8A8002D9D97 /* twoWayCommunicationTests.xctest */,
				DB6188A81C07A8A8002D9D97 /* twoWayCommunicationUITests.xctest */,
			);
			name = Products;
			sourceTree = "<group>";
		};
		DB61888B1C07A8A8002D9D97 /* twoWayCommunication */ = {
			isa = PBXGroup;
			children = (
				DB61888C1C07A8A8002D9D97 /* AppDelegate.swift */,
				DB61888E1C07A8A8002D9D97 /* ViewController.swift */,
				DB6188901C07A8A8002D9D97 /* Main.storyboard */,
				DB6188931C07A8A8002D9D97 /* Assets.xcassets */,
				DB6188951C07A8A8002D9D97 /* LaunchScreen.storyboard */,
				DB6188981C07A8A8002D9D97 /* Info.plist */,
			);
			path = twoWayCommunication;
			sourceTree = "<group>";
		};
		DB6188A01C07A8A8002D9D97 /* twoWayCommunicationTests */ = {
			isa = PBXGroup;
			children = (
				DB6188A11C07A8A8002D9D97 /* twoWayCommunicationTests.swift */,
				DB6188A31C07A8A8002D9D97 /* Info.plist */,
			);
			path = twoWayCommunicationTests;
			sourceTree = "<group>";
		};
		DB6188AB1C07A8A8002D9D97 /* twoWayCommunicationUITests */ = {
			isa = PBXGroup;
			children = (
				DB6188AC1C07A8A8002D9D97 /* twoWayCommunicationUITests.swift */,
				DB6188AE1C07A8A8002D9D97 /* Info.plist */,
			);
			path = twoWayCommunicationUITests;
			sourceTree = "<group>";
		};
/* End PBXGroup section */

/* Begin PBXNativeTarget section */
		DB6188881C07A8A8002D9D97 /* twoWayCommunication */ = {
			isa = PBXNativeTarget;
			buildConfigurationList = DB6188B11C07A8A8002D9D97 /* Build configuration list for PBXNativeTarget "twoWayCommunication" */;
			buildPhases = (
				DB6188851C07A8A8002D9D97 /* Sources */,
				DB6188861C07A8A8002D9D97 /* Frameworks */,
				DB6188871C07A8A8002D9D97 /* Resources */,
			);
			buildRules = (
			);
			dependencies = (
			);
			name = twoWayCommunication;
			productName = twoWayCommunication;
			productReference = DB6188891C07A8A8002D9D97 /* twoWayCommunication.app */;
			productType = "com.apple.product-type.application";
		};
		DB61889C1C07A8A8002D9D97 /* twoWayCommunicationTests */ = {
			isa = PBXNativeTarget;
			buildConfigurationList = DB6188B41C07A8A8002D9D97 /* Build configuration list for PBXNativeTarget "twoWayCommunicationTests" */;
			buildPhases = (
				DB6188991C07A8A8002D9D97 /* Sources */,
				DB61889A1C07A8A8002D9D97 /* Frameworks */,
				DB61889B1C07A8A8002D9D97 /* Resources */,
			);
			buildRules = (
			);
			dependencies = (
				DB61889F1C07A8A8002D9D97 /* PBXTargetDependency */,
			);
			name = twoWayCommunicationTests;
			productName = twoWayCommunicationTests;
			productReference = DB61889D1C07A8A8002D9D97 /* twoWayCommunicationTests.xctest */;
			productType = "com.apple.product-type.bundle.unit-test";
		};
		DB6188A71C07A8A8002D9D97 /* twoWayCommunicationUITests */ = {
			isa = PBXNativeTarget;
			buildConfigurationList = DB6188B71C07A8A8002D9D97 /* Build configuration list for PBXNativeTarget "twoWayCommunicationUITests" */;
			buildPhases = (
				DB6188A41C07A8A8002D9D97 /* Sources */,
				DB6188A51C07A8A8002D9D97 /* Frameworks */,
				DB6188A61C07A8A8002D9D97 /* Resources */,
			);
			buildRules = (
			);
			dependencies = (
				DB6188AA1C07A8A8002D9D97 /* PBXTargetDependency */,
			);
			name = twoWayCommunicationUITests;
			productName = twoWayCommunicationUITests;
			productReference = DB6188A81C07A8A8002D9D97 /* twoWayCommunicationUITests.xctest */;
			productType = "com.apple.product-type.bundle.ui-testing";
		};
/* End PBXNativeTarget section */

/* Begin PBXProject section */
		DB6188811C07A8A8002D9D97 /* Project object */ = {
			isa = PBXProject;
			attributes = {
				LastSwiftUpdateCheck = 0710;
				LastUpgradeCheck = 0710;
				ORGANIZATIONNAME = "Young Liu";
				TargetAttributes = {
					DB6188881C07A8A8002D9D97 = {
						CreatedOnToolsVersion = 7.1.1;
					};
					DB61889C1C07A8A8002D9D97 = {
						CreatedOnToolsVersion = 7.1.1;
						TestTargetID = DB6188881C07A8A8002D9D97;
					};
					DB6188A71C07A8A8002D9D97 = {
						CreatedOnToolsVersion = 7.1.1;
						TestTargetID = DB6188881C07A8A8002D9D97;
					};
				};
			};
			buildConfigurationList = DB6188841C07A8A8002D9D97 /* Build configuration list for PBXProject "twoWayCommunication" */;
			compatibilityVersion = "Xcode 3.2";
			developmentRegion = English;
			hasScannedForEncodings = 0;
			knownRegions = (
				en,
				Base,
			);
			mainGroup = DB6188801C07A8A8002D9D97;
			productRefGroup = DB61888A1C07A8A8002D9D97 /* Products */;
			projectDirPath = "";
			projectRoot = "";
			targets = (
				DB6188881C07A8A8002D9D97 /* twoWayCommunication */,
				DB61889C1C07A8A8002D9D97 /* twoWayCommunicationTests */,
				DB6188A71C07A8A8002D9D97 /* twoWayCommunicationUITests */,
			);
		};
/* End PBXProject section */

/* Begin PBXResourcesBuildPhase section */
		DB6188871C07A8A8002D9D97 /* Resources */ = {
			isa = PBXResourcesBuildPhase;
			buildActionMask = 2147483647;
			files = (
				DB6188971C07A8A8002D9D97 /* LaunchScreen.storyboard in Resources */,
				DB6188941C07A8A8002D9D97 /* Assets.xcassets in Resources */,
				DB6188921C07A8A8002D9D97 /* Main.storyboard in Resources */,
			);
			runOnlyForDeploymentPostprocessing = 0;
		};
		DB61889B1C07A8A8002D9D97 /* Resources */ = {
			isa = PBXResourcesBuildPhase;
			buildActionMask = 2147483647;
			files = (
			);
			runOnlyForDeploymentPostprocessing = 0;
		};
		DB6188A61C07A8A8002D9D97 /* Resources */ = {
			isa = PBXResourcesBuildPhase;
			buildActionMask = 2147483647;
			files = (
			);
			runOnlyForDeploymentPostprocessing = 0;
		};
/* End PBXResourcesBuildPhase section */

/* Begin PBXSourcesBuildPhase section */
		DB6188851C07A8A8002D9D97 /* Sources */ = {
			isa = PBXSourcesBuildPhase;
			buildActionMask = 2147483647;
			files = (
				DB61888F1C07A8A8002D9D97 /* ViewController.swift in Sources */,
				DB61888D1C07A8A8002D9D97 /* AppDelegate.swift in Sources */,
			);
			runOnlyForDeploymentPostprocessing = 0;
		};
		DB6188991C07A8A8002D9D97 /* Sources */ = {
			isa = PBXSourcesBuildPhase;
			buildActionMask = 2147483647;
			files = (
				DB6188A21C07A8A8002D9D97 /* twoWayCommunicationTests.swift in Sources */,
			);
			runOnlyForDeploymentPostprocessing = 0;
		};
		DB6188A41C07A8A8002D9D97 /* Sources */ = {
			isa = PBXSourcesBuildPhase;
			buildActionMask = 2147483647;
			files = (
				DB6188AD1C07A8A8002D9D97 /* twoWayCommunicationUITests.swift in Sources */,
			);
			runOnlyForDeploymentPostprocessing = 0;
		};
/* End PBXSourcesBuildPhase section */

/* Begin PBXTargetDependency section */
		DB61889F1C07A8A8002D9D97 /* PBXTargetDependency */ = {
			isa = PBXTargetDependency;
			target = DB6188881C07A8A8002D9D97 /* twoWayCommunication */;
			targetProxy = DB61889E1C07A8A8002D9D97 /* PBXContainerItemProxy */;
		};
		DB6188AA1C07A8A8002D9D97 /* PBXTargetDependency */ = {
			isa = PBXTargetDependency;
			target = DB6188881C07A8A8002D9D97 /* twoWayCommunication */;
			targetProxy = DB6188A91C07A8A8002D9D97 /* PBXContainerItemProxy */;
		};
/* End PBXTargetDependency section */

/* Begin PBXVariantGroup section */
		DB6188901C07A8A8002D9D97 /* Main.storyboard */ = {
			isa = PBXVariantGroup;
			children = (
				DB6188911C07A8A8002D9D97 /* Base */,
			);
			name = Main.storyboard;
			sourceTree = "<group>";
		};
		DB6188951C07A8A8002D9D97 /* LaunchScreen.storyboard */ = {
			isa = PBXVariantGroup;
			children = (
				DB6188961C07A8A8002D9D97 /* Base */,
			);
			name = LaunchScreen.storyboard;
			sourceTree = "<group>";
		};
/* End PBXVariantGroup section */

/* Begin XCBuildConfiguration section */
		DB6188AF1C07A8A8002D9D97 /* Debug */ = {
			isa = XCBuildConfiguration;
			buildSettings = {
				ALWAYS_SEARCH_USER_PATHS = NO;
				CLANG_CXX_LANGUAGE_STANDARD = "gnu++0x";
				CLANG_CXX_LIBRARY = "libc++";
				CLANG_ENABLE_MODULES = YES;
				CLANG_ENABLE_OBJC_ARC = YES;
				CLANG_WARN_BOOL_CONVERSION = YES;
				CLANG_WARN_CONSTANT_CONVERSION = YES;
				CLANG_WARN_DIRECT_OBJC_ISA_USAGE = YES_ERROR;
				CLANG_WARN_EMPTY_BODY = YES;
				CLANG_WARN_ENUM_CONVERSION = YES;
				CLANG_WARN_INT_CONVERSION = YES;
				CLANG_WARN_OBJC_ROOT_CLASS = YES_ERROR;
				CLANG_WARN_UNREACHABLE_CODE = YES;
				CLANG_WARN__DUPLICATE_METHOD_MATCH = YES;
				"CODE_SIGN_IDENTITY[sdk=iphoneos*]" = "iPhone Developer";
				COPY_PHASE_STRIP = NO;
				DEBUG_INFORMATION_FORMAT = dwarf;
				ENABLE_STRICT_OBJC_MSGSEND = YES;
				ENABLE_TESTABILITY = YES;
				GCC_C_LANGUAGE_STANDARD = gnu99;
				GCC_DYNAMIC_NO_PIC = NO;
				GCC_NO_COMMON_BLOCKS = YES;
				GCC_OPTIMIZATION_LEVEL = 0;
				GCC_PREPROCESSOR_DEFINITIONS = (
					"DEBUG=1",
					"$(inherited)",
				);
				GCC_WARN_64_TO_32_BIT_CONVERSION = YES;
				GCC_WARN_ABOUT_RETURN_TYPE = YES_ERROR;
				GCC_WARN_UNDECLARED_SELECTOR = YES;
				GCC_WARN_UNINITIALIZED_AUTOS = YES_AGGRESSIVE;
				GCC_WARN_UNUSED_FUNCTION = YES;
				GCC_WARN_UNUSED_VARIABLE = YES;
				IPHONEOS_DEPLOYMENT_TARGET = 9.1;
				MTL_ENABLE_DEBUG_INFO = YES;
				ONLY_ACTIVE_ARCH = YES;
				SDKROOT = iphoneos;
				SWIFT_OPTIMIZATION_LEVEL = "-Onone";
				TARGETED_DEVICE_FAMILY = "1,2";
			};
			name = Debug;
		};
		DB6188B01C07A8A8002D9D97 /* Release */ = {
			isa = XCBuildConfiguration;
			buildSettings = {
				ALWAYS_SEARCH_USER_PATHS = NO;
				CLANG_CXX_LANGUAGE_STANDARD = "gnu++0x";
				CLANG_CXX_LIBRARY = "libc++";
				CLANG_ENABLE_MODULES = YES;
				CLANG_ENABLE_OBJC_ARC = YES;
				CLANG_WARN_BOOL_CONVERSION = YES;
				CLANG_WARN_CONSTANT_CONVERSION = YES;
				CLANG_WARN_DIRECT_OBJC_ISA_USAGE = YES_ERROR;
				CLANG_WARN_EMPTY_BODY = YES;
				CLANG_WARN_ENUM_CONVERSION = YES;
				CLANG_WARN_INT_CONVERSION = YES;
				CLANG_WARN_OBJC_ROOT_CLASS = YES_ERROR;
				CLANG_WARN_UNREACHABLE_CODE = YES;
				CLANG_WARN__DUPLICATE_METHOD_MATCH = YES;
				"CODE_SIGN_IDENTITY[sdk=iphoneos*]" = "iPhone Developer";
				COPY_PHASE_STRIP = NO;
				DEBUG_INFORMATION_FORMAT = "dwarf-with-dsym";
				ENABLE_NS_ASSERTIONS = NO;
				ENABLE_STRICT_OBJC_MSGSEND = YES;
				GCC_C_LANGUAGE_STANDARD = gnu99;
				GCC_NO_COMMON_BLOCKS = YES;
				GCC_WARN_64_TO_32_BIT_CONVERSION = YES;
				GCC_WARN_ABOUT_RETURN_TYPE = YES_ERROR;
				GCC_WARN_UNDECLARED_SELECTOR = YES;
				GCC_WARN_UNINITIALIZED_AUTOS = YES_AGGRESSIVE;
				GCC_WARN_UNUSED_FUNCTION = YES;
				GCC_WARN_UNUSED_VARIABLE = YES;
				IPHONEOS_DEPLOYMENT_TARGET = 9.1;
				MTL_ENABLE_DEBUG_INFO = NO;
				SDKROOT = iphoneos;
				TARGETED_DEVICE_FAMILY = "1,2";
				VALIDATE_PRODUCT = YES;
			};
			name = Release;
		};
		DB6188B21C07A8A8002D9D97 /* Debug */ = {
			isa = XCBuildConfiguration;
			buildSettings = {
				ASSETCATALOG_COMPILER_APPICON_NAME = AppIcon;
				INFOPLIST_FILE = twoWayCommunication/Info.plist;
				LD_RUNPATH_SEARCH_PATHS = "$(inherited) @executable_path/Frameworks";
				PRODUCT_BUNDLE_IDENTIFIER = com.example.twoWayCommunication;
				PRODUCT_NAME = "$(TARGET_NAME)";
			};
			name = Debug;
		};
		DB6188B31C07A8A8002D9D97 /* Release */ = {
			isa = XCBuildConfiguration;
			buildSettings = {
				ASSETCATALOG_COMPILER_APPICON_NAME = AppIcon;
				INFOPLIST_FILE = twoWayCommunication/Info.plist;
				LD_RUNPATH_SEARCH_PATHS = "$(inherited) @executable_path/Frameworks";
				PRODUCT_BUNDLE_IDENTIFIER = com.example.twoWayCommunication;
				PRODUCT_NAME = "$(TARGET_NAME)";
			};
			name = Release;
		};
		DB6188B51C07A8A8002D9D97 /* Debug */ = {
			isa = XCBuildConfiguration;
			buildSettings = {
				BUNDLE_LOADER = "$(TEST_HOST)";
				INFOPLIST_FILE = twoWayCommunicationTests/Info.plist;
				LD_RUNPATH_SEARCH_PATHS = "$(inherited) @executable_path/Frameworks @loader_path/Frameworks";
				PRODUCT_BUNDLE_IDENTIFIER = com.example.twoWayCommunicationTests;
				PRODUCT_NAME = "$(TARGET_NAME)";
				TEST_HOST = "$(BUILT_PRODUCTS_DIR)/twoWayCommunication.app/twoWayCommunication";
			};
			name = Debug;
		};
		DB6188B61C07A8A8002D9D97 /* Release */ = {
			isa = XCBuildConfiguration;
			buildSettings = {
				BUNDLE_LOADER = "$(TEST_HOST)";
				INFOPLIST_FILE = twoWayCommunicationTests/Info.plist;
				LD_RUNPATH_SEARCH_PATHS = "$(inherited) @executable_path/Frameworks @loader_path/Frameworks";
				PRODUCT_BUNDLE_IDENTIFIER = com.example.twoWayCommunicationTests;
				PRODUCT_NAME = "$(TARGET_NAME)";
				TEST_HOST = "$(BUILT_PRODUCTS_DIR)/twoWayCommunication.app/twoWayCommunication";
			};
			name = Release;
		};
		DB6188B81C07A8A8002D9D97 /* Debug */ = {
			isa = XCBuildConfiguration;
			buildSettings = {
				INFOPLIST_FILE = twoWayCommunicationUITests/Info.plist;
				LD_RUNPATH_SEARCH_PATHS = "$(inherited) @executable_path/Frameworks @loader_path/Frameworks";
				PRODUCT_BUNDLE_IDENTIFIER = com.example.twoWayCommunicationUITests;
				PRODUCT_NAME = "$(TARGET_NAME)";
				TEST_TARGET_NAME = twoWayCommunication;
				USES_XCTRUNNER = YES;
			};
			name = Debug;
		};
		DB6188B91C07A8A8002D9D97 /* Release */ = {
			isa = XCBuildConfiguration;
			buildSettings = {
				INFOPLIST_FILE = twoWayCommunicationUITests/Info.plist;
				LD_RUNPATH_SEARCH_PATHS = "$(inherited) @executable_path/Frameworks @loader_path/Frameworks";
				PRODUCT_BUNDLE_IDENTIFIER = com.example.twoWayCommunicationUITests;
				PRODUCT_NAME = "$(TARGET_NAME)";
				TEST_TARGET_NAME = twoWayCommunication;
				USES_XCTRUNNER = YES;
			};
			name = Release;
		};
/* End XCBuildConfiguration section */

/* Begin XCConfigurationList section */
		DB6188841C07A8A8002D9D97 /* Build configuration list for PBXProject "twoWayCommunication" */ = {
			isa = XCConfigurationList;
			buildConfigurations = (
				DB6188AF1C07A8A8002D9D97 /* Debug */,
				DB6188B01C07A8A8002D9D97 /* Release */,
			);
			defaultConfigurationIsVisible = 0;
			defaultConfigurationName = Release;
		};
		DB6188B11C07A8A8002D9D97 /* Build configuration list for PBXNativeTarget "twoWayCommunication" */ = {
			isa = XCConfigurationList;
			buildConfigurations = (
				DB6188B21C07A8A8002D9D97 /* Debug */,
				DB6188B31C07A8A8002D9D97 /* Release */,
			);
			defaultConfigurationIsVisible = 0;
		};
		DB6188B41C07A8A8002D9D97 /* Build configuration list for PBXNativeTarget "twoWayCommunicationTests" */ = {
			isa = XCConfigurationList;
			buildConfigurations = (
				DB6188B51C07A8A8002D9D97 /* Debug */,
				DB6188B61C07A8A8002D9D97 /* Release */,
			);
			defaultConfigurationIsVisible = 0;
		};
		DB6188B71C07A8A8002D9D97 /* Build configuration list for PBXNativeTarget "twoWayCommunicationUITests" */ = {
			isa = XCConfigurationList;
			buildConfigurations = (
				DB6188B81C07A8A8002D9D97 /* Debug */,
				DB6188B91C07A8A8002D9D97 /* Release */,
			);
			defaultConfigurationIsVisible = 0;
		};
/* End XCConfigurationList section */
	};
	rootObject = DB6188811C07A8A8002D9D97 /* Project object */;
}
