// !$*UTF8*$!
{
	archiveVersion = 1;
	classes = {
	};
	objectVersion = 46;
	objects = {

/* Begin PBXBuildFile section */
		DB6188CD1C07C12D002D9D97 /* AppDelegate.swift in Sources */ = {isa = PBXBuildFile; fileRef = DB6188CC1C07C12D002D9D97 /* AppDelegate.swift */; };
		DB6188CF1C07C12D002D9D97 /* ViewController.swift in Sources */ = {isa = PBXBuildFile; fileRef = DB6188CE1C07C12D002D9D97 /* ViewController.swift */; };
		DB6188D21C07C12D002D9D97 /* Main.storyboard in Resources */ = {isa = PBXBuildFile; fileRef = DB6188D01C07C12D002D9D97 /* Main.storyboard */; };
		DB6188D41C07C12D002D9D97 /* Assets.xcassets in Resources */ = {isa = PBXBuildFile; fileRef = DB6188D31C07C12D002D9D97 /* Assets.xcassets */; };
		DB6188D71C07C12D002D9D97 /* LaunchScreen.storyboard in Resources */ = {isa = PBXBuildFile; fileRef = DB6188D51C07C12D002D9D97 /* LaunchScreen.storyboard */; };
		DB6188E21C07C12D002D9D97 /* FermataBeta2Tests.swift in Sources */ = {isa = PBXBuildFile; fileRef = DB6188E11C07C12D002D9D97 /* FermataBeta2Tests.swift */; };
		DB6188ED1C07C12D002D9D97 /* FermataBeta2UITests.swift in Sources */ = {isa = PBXBuildFile; fileRef = DB6188EC1C07C12D002D9D97 /* FermataBeta2UITests.swift */; };
/* End PBXBuildFile section */

/* Begin PBXContainerItemProxy section */
		DB6188DE1C07C12D002D9D97 /* PBXContainerItemProxy */ = {
			isa = PBXContainerItemProxy;
			containerPortal = DB6188C11C07C12D002D9D97 /* Project object */;
			proxyType = 1;
			remoteGlobalIDString = DB6188C81C07C12D002D9D97;
			remoteInfo = FermataBeta2;
		};
		DB6188E91C07C12D002D9D97 /* PBXContainerItemProxy */ = {
			isa = PBXContainerItemProxy;
			containerPortal = DB6188C11C07C12D002D9D97 /* Project object */;
			proxyType = 1;
			remoteGlobalIDString = DB6188C81C07C12D002D9D97;
			remoteInfo = FermataBeta2;
		};
/* End PBXContainerItemProxy section */

/* Begin PBXFileReference section */
		DB6188C91C07C12D002D9D97 /* FermataBeta2.app */ = {isa = PBXFileReference; explicitFileType = wrapper.application; includeInIndex = 0; path = FermataBeta2.app; sourceTree = BUILT_PRODUCTS_DIR; };
		DB6188CC1C07C12D002D9D97 /* AppDelegate.swift */ = {isa = PBXFileReference; lastKnownFileType = sourcecode.swift; path = AppDelegate.swift; sourceTree = "<group>"; };
		DB6188CE1C07C12D002D9D97 /* ViewController.swift */ = {isa = PBXFileReference; lastKnownFileType = sourcecode.swift; path = ViewController.swift; sourceTree = "<group>"; };
		DB6188D11C07C12D002D9D97 /* Base */ = {isa = PBXFileReference; lastKnownFileType = file.storyboard; name = Base; path = Base.lproj/Main.storyboard; sourceTree = "<group>"; };
		DB6188D31C07C12D002D9D97 /* Assets.xcassets */ = {isa = PBXFileReference; lastKnownFileType = folder.assetcatalog; path = Assets.xcassets; sourceTree = "<group>"; };
		DB6188D61C07C12D002D9D97 /* Base */ = {isa = PBXFileReference; lastKnownFileType = file.storyboard; name = Base; path = Base.lproj/LaunchScreen.storyboard; sourceTree = "<group>"; };
		DB6188D81C07C12D002D9D97 /* Info.plist */ = {isa = PBXFileReference; lastKnownFileType = text.plist.xml; path = Info.plist; sourceTree = "<group>"; };
		DB6188DD1C07C12D002D9D97 /* FermataBeta2Tests.xctest */ = {isa = PBXFileReference; explicitFileType = wrapper.cfbundle; includeInIndex = 0; path = FermataBeta2Tests.xctest; sourceTree = BUILT_PRODUCTS_DIR; };
		DB6188E11C07C12D002D9D97 /* FermataBeta2Tests.swift */ = {isa = PBXFileReference; lastKnownFileType = sourcecode.swift; path = FermataBeta2Tests.swift; sourceTree = "<group>"; };
		DB6188E31C07C12D002D9D97 /* Info.plist */ = {isa = PBXFileReference; lastKnownFileType = text.plist.xml; path = Info.plist; sourceTree = "<group>"; };
		DB6188E81C07C12D002D9D97 /* FermataBeta2UITests.xctest */ = {isa = PBXFileReference; explicitFileType = wrapper.cfbundle; includeInIndex = 0; path = FermataBeta2UITests.xctest; sourceTree = BUILT_PRODUCTS_DIR; };
		DB6188EC1C07C12D002D9D97 /* FermataBeta2UITests.swift */ = {isa = PBXFileReference; lastKnownFileType = sourcecode.swift; path = FermataBeta2UITests.swift; sourceTree = "<group>"; };
		DB6188EE1C07C12D002D9D97 /* Info.plist */ = {isa = PBXFileReference; lastKnownFileType = text.plist.xml; path = Info.plist; sourceTree = "<group>"; };
/* End PBXFileReference section */

/* Begin PBXFrameworksBuildPhase section */
		DB6188C61C07C12D002D9D97 /* Frameworks */ = {
			isa = PBXFrameworksBuildPhase;
			buildActionMask = 2147483647;
			files = (
			);
			runOnlyForDeploymentPostprocessing = 0;
		};
		DB6188DA1C07C12D002D9D97 /* Frameworks */ = {
			isa = PBXFrameworksBuildPhase;
			buildActionMask = 2147483647;
			files = (
			);
			runOnlyForDeploymentPostprocessing = 0;
		};
		DB6188E51C07C12D002D9D97 /* Frameworks */ = {
			isa = PBXFrameworksBuildPhase;
			buildActionMask = 2147483647;
			files = (
			);
			runOnlyForDeploymentPostprocessing = 0;
		};
/* End PBXFrameworksBuildPhase section */

/* Begin PBXGroup section */
		DB6188C01C07C12D002D9D97 = {
			isa = PBXGroup;
			children = (
				DB6188CB1C07C12D002D9D97 /* FermataBeta2 */,
				DB6188E01C07C12D002D9D97 /* FermataBeta2Tests */,
				DB6188EB1C07C12D002D9D97 /* FermataBeta2UITests */,
				DB6188CA1C07C12D002D9D97 /* Products */,
			);
			sourceTree = "<group>";
		};
		DB6188CA1C07C12D002D9D97 /* Products */ = {
			isa = PBXGroup;
			children = (
				DB6188C91C07C12D002D9D97 /* FermataBeta2.app */,
				DB6188DD1C07C12D002D9D97 /* FermataBeta2Tests.xctest */,
				DB6188E81C07C12D002D9D97 /* FermataBeta2UITests.xctest */,
			);
			name = Products;
			sourceTree = "<group>";
		};
		DB6188CB1C07C12D002D9D97 /* FermataBeta2 */ = {
			isa = PBXGroup;
			children = (
				DB6188CC1C07C12D002D9D97 /* AppDelegate.swift */,
				DB6188CE1C07C12D002D9D97 /* ViewController.swift */,
				DB6188D01C07C12D002D9D97 /* Main.storyboard */,
				DB6188D31C07C12D002D9D97 /* Assets.xcassets */,
				DB6188D51C07C12D002D9D97 /* LaunchScreen.storyboard */,
				DB6188D81C07C12D002D9D97 /* Info.plist */,
			);
			path = FermataBeta2;
			sourceTree = "<group>";
		};
		DB6188E01C07C12D002D9D97 /* FermataBeta2Tests */ = {
			isa = PBXGroup;
			children = (
				DB6188E11C07C12D002D9D97 /* FermataBeta2Tests.swift */,
				DB6188E31C07C12D002D9D97 /* Info.plist */,
			);
			path = FermataBeta2Tests;
			sourceTree = "<group>";
		};
		DB6188EB1C07C12D002D9D97 /* FermataBeta2UITests */ = {
			isa = PBXGroup;
			children = (
				DB6188EC1C07C12D002D9D97 /* FermataBeta2UITests.swift */,
				DB6188EE1C07C12D002D9D97 /* Info.plist */,
			);
			path = FermataBeta2UITests;
			sourceTree = "<group>";
		};
/* End PBXGroup section */

/* Begin PBXNativeTarget section */
		DB6188C81C07C12D002D9D97 /* FermataBeta2 */ = {
			isa = PBXNativeTarget;
			buildConfigurationList = DB6188F11C07C12D002D9D97 /* Build configuration list for PBXNativeTarget "FermataBeta2" */;
			buildPhases = (
				DB6188C51C07C12D002D9D97 /* Sources */,
				DB6188C61C07C12D002D9D97 /* Frameworks */,
				DB6188C71C07C12D002D9D97 /* Resources */,
			);
			buildRules = (
			);
			dependencies = (
			);
			name = FermataBeta2;
			productName = FermataBeta2;
			productReference = DB6188C91C07C12D002D9D97 /* FermataBeta2.app */;
			productType = "com.apple.product-type.application";
		};
		DB6188DC1C07C12D002D9D97 /* FermataBeta2Tests */ = {
			isa = PBXNativeTarget;
			buildConfigurationList = DB6188F41C07C12D002D9D97 /* Build configuration list for PBXNativeTarget "FermataBeta2Tests" */;
			buildPhases = (
				DB6188D91C07C12D002D9D97 /* Sources */,
				DB6188DA1C07C12D002D9D97 /* Frameworks */,
				DB6188DB1C07C12D002D9D97 /* Resources */,
			);
			buildRules = (
			);
			dependencies = (
				DB6188DF1C07C12D002D9D97 /* PBXTargetDependency */,
			);
			name = FermataBeta2Tests;
			productName = FermataBeta2Tests;
			productReference = DB6188DD1C07C12D002D9D97 /* FermataBeta2Tests.xctest */;
			productType = "com.apple.product-type.bundle.unit-test";
		};
		DB6188E71C07C12D002D9D97 /* FermataBeta2UITests */ = {
			isa = PBXNativeTarget;
			buildConfigurationList = DB6188F71C07C12D002D9D97 /* Build configuration list for PBXNativeTarget "FermataBeta2UITests" */;
			buildPhases = (
				DB6188E41C07C12D002D9D97 /* Sources */,
				DB6188E51C07C12D002D9D97 /* Frameworks */,
				DB6188E61C07C12D002D9D97 /* Resources */,
			);
			buildRules = (
			);
			dependencies = (
				DB6188EA1C07C12D002D9D97 /* PBXTargetDependency */,
			);
			name = FermataBeta2UITests;
			productName = FermataBeta2UITests;
			productReference = DB6188E81C07C12D002D9D97 /* FermataBeta2UITests.xctest */;
			productType = "com.apple.product-type.bundle.ui-testing";
		};
/* End PBXNativeTarget section */

/* Begin PBXProject section */
		DB6188C11C07C12D002D9D97 /* Project object */ = {
			isa = PBXProject;
			attributes = {
				LastSwiftUpdateCheck = 0710;
				LastUpgradeCheck = 0710;
				ORGANIZATIONNAME = "Young Liu";
				TargetAttributes = {
					DB6188C81C07C12D002D9D97 = {
						CreatedOnToolsVersion = 7.1.1;
					};
					DB6188DC1C07C12D002D9D97 = {
						CreatedOnToolsVersion = 7.1.1;
						TestTargetID = DB6188C81C07C12D002D9D97;
					};
					DB6188E71C07C12D002D9D97 = {
						CreatedOnToolsVersion = 7.1.1;
						TestTargetID = DB6188C81C07C12D002D9D97;
					};
				};
			};
			buildConfigurationList = DB6188C41C07C12D002D9D97 /* Build configuration list for PBXProject "FermataBeta2" */;
			compatibilityVersion = "Xcode 3.2";
			developmentRegion = English;
			hasScannedForEncodings = 0;
			knownRegions = (
				en,
				Base,
			);
			mainGroup = DB6188C01C07C12D002D9D97;
			productRefGroup = DB6188CA1C07C12D002D9D97 /* Products */;
			projectDirPath = "";
			projectRoot = "";
			targets = (
				DB6188C81C07C12D002D9D97 /* FermataBeta2 */,
				DB6188DC1C07C12D002D9D97 /* FermataBeta2Tests */,
				DB6188E71C07C12D002D9D97 /* FermataBeta2UITests */,
			);
		};
/* End PBXProject section */

/* Begin PBXResourcesBuildPhase section */
		DB6188C71C07C12D002D9D97 /* Resources */ = {
			isa = PBXResourcesBuildPhase;
			buildActionMask = 2147483647;
			files = (
				DB6188D71C07C12D002D9D97 /* LaunchScreen.storyboard in Resources */,
				DB6188D41C07C12D002D9D97 /* Assets.xcassets in Resources */,
				DB6188D21C07C12D002D9D97 /* Main.storyboard in Resources */,
			);
			runOnlyForDeploymentPostprocessing = 0;
		};
		DB6188DB1C07C12D002D9D97 /* Resources */ = {
			isa = PBXResourcesBuildPhase;
			buildActionMask = 2147483647;
			files = (
			);
			runOnlyForDeploymentPostprocessing = 0;
		};
		DB6188E61C07C12D002D9D97 /* Resources */ = {
			isa = PBXResourcesBuildPhase;
			buildActionMask = 2147483647;
			files = (
			);
			runOnlyForDeploymentPostprocessing = 0;
		};
/* End PBXResourcesBuildPhase section */

/* Begin PBXSourcesBuildPhase section */
		DB6188C51C07C12D002D9D97 /* Sources */ = {
			isa = PBXSourcesBuildPhase;
			buildActionMask = 2147483647;
			files = (
				DB6188CF1C07C12D002D9D97 /* ViewController.swift in Sources */,
				DB6188CD1C07C12D002D9D97 /* AppDelegate.swift in Sources */,
			);
			runOnlyForDeploymentPostprocessing = 0;
		};
		DB6188D91C07C12D002D9D97 /* Sources */ = {
			isa = PBXSourcesBuildPhase;
			buildActionMask = 2147483647;
			files = (
				DB6188E21C07C12D002D9D97 /* FermataBeta2Tests.swift in Sources */,
			);
			runOnlyForDeploymentPostprocessing = 0;
		};
		DB6188E41C07C12D002D9D97 /* Sources */ = {
			isa = PBXSourcesBuildPhase;
			buildActionMask = 2147483647;
			files = (
				DB6188ED1C07C12D002D9D97 /* FermataBeta2UITests.swift in Sources */,
			);
			runOnlyForDeploymentPostprocessing = 0;
		};
/* End PBXSourcesBuildPhase section */

/* Begin PBXTargetDependency section */
		DB6188DF1C07C12D002D9D97 /* PBXTargetDependency */ = {
			isa = PBXTargetDependency;
			target = DB6188C81C07C12D002D9D97 /* FermataBeta2 */;
			targetProxy = DB6188DE1C07C12D002D9D97 /* PBXContainerItemProxy */;
		};
		DB6188EA1C07C12D002D9D97 /* PBXTargetDependency */ = {
			isa = PBXTargetDependency;
			target = DB6188C81C07C12D002D9D97 /* FermataBeta2 */;
			targetProxy = DB6188E91C07C12D002D9D97 /* PBXContainerItemProxy */;
		};
/* End PBXTargetDependency section */

/* Begin PBXVariantGroup section */
		DB6188D01C07C12D002D9D97 /* Main.storyboard */ = {
			isa = PBXVariantGroup;
			children = (
				DB6188D11C07C12D002D9D97 /* Base */,
			);
			name = Main.storyboard;
			sourceTree = "<group>";
		};
		DB6188D51C07C12D002D9D97 /* LaunchScreen.storyboard */ = {
			isa = PBXVariantGroup;
			children = (
				DB6188D61C07C12D002D9D97 /* Base */,
			);
			name = LaunchScreen.storyboard;
			sourceTree = "<group>";
		};
/* End PBXVariantGroup section */

/* Begin XCBuildConfiguration section */
		DB6188EF1C07C12D002D9D97 /* Debug */ = {
			isa = XCBuildConfiguration;
			buildSettings = {
				ALWAYS_SEARCH_USER_PATHS = NO;
				CLANG_CXX_LANGUAGE_STANDARD = "gnu++0x";
				CLANG_CXX_LIBRARY = "libc++";
				CLANG_ENABLE_MODULES = YES;
				CLANG_ENABLE_OBJC_ARC = YES;
				CLANG_WARN_BOOL_CONVERSION = YES;
				CLANG_WARN_CONSTANT_CONVERSION = YES;
				CLANG_WARN_DIRECT_OBJC_ISA_USAGE = YES_ERROR;
				CLANG_WARN_EMPTY_BODY = YES;
				CLANG_WARN_ENUM_CONVERSION = YES;
				CLANG_WARN_INT_CONVERSION = YES;
				CLANG_WARN_OBJC_ROOT_CLASS = YES_ERROR;
				CLANG_WARN_UNREACHABLE_CODE = YES;
				CLANG_WARN__DUPLICATE_METHOD_MATCH = YES;
				"CODE_SIGN_IDENTITY[sdk=iphoneos*]" = "iPhone Developer";
				COPY_PHASE_STRIP = NO;
				DEBUG_INFORMATION_FORMAT = dwarf;
				ENABLE_STRICT_OBJC_MSGSEND = YES;
				ENABLE_TESTABILITY = YES;
				GCC_C_LANGUAGE_STANDARD = gnu99;
				GCC_DYNAMIC_NO_PIC = NO;
				GCC_NO_COMMON_BLOCKS = YES;
				GCC_OPTIMIZATION_LEVEL = 0;
				GCC_PREPROCESSOR_DEFINITIONS = (
					"DEBUG=1",
					"$(inherited)",
				);
				GCC_WARN_64_TO_32_BIT_CONVERSION = YES;
				GCC_WARN_ABOUT_RETURN_TYPE = YES_ERROR;
				GCC_WARN_UNDECLARED_SELECTOR = YES;
				GCC_WARN_UNINITIALIZED_AUTOS = YES_AGGRESSIVE;
				GCC_WARN_UNUSED_FUNCTION = YES;
				GCC_WARN_UNUSED_VARIABLE = YES;
				IPHONEOS_DEPLOYMENT_TARGET = 9.1;
				MTL_ENABLE_DEBUG_INFO = YES;
				ONLY_ACTIVE_ARCH = YES;
				SDKROOT = iphoneos;
				SWIFT_OPTIMIZATION_LEVEL = "-Onone";
				TARGETED_DEVICE_FAMILY = "1,2";
			};
			name = Debug;
		};
		DB6188F01C07C12D002D9D97 /* Release */ = {
			isa = XCBuildConfiguration;
			buildSettings = {
				ALWAYS_SEARCH_USER_PATHS = NO;
				CLANG_CXX_LANGUAGE_STANDARD = "gnu++0x";
				CLANG_CXX_LIBRARY = "libc++";
				CLANG_ENABLE_MODULES = YES;
				CLANG_ENABLE_OBJC_ARC = YES;
				CLANG_WARN_BOOL_CONVERSION = YES;
				CLANG_WARN_CONSTANT_CONVERSION = YES;
				CLANG_WARN_DIRECT_OBJC_ISA_USAGE = YES_ERROR;
				CLANG_WARN_EMPTY_BODY = YES;
				CLANG_WARN_ENUM_CONVERSION = YES;
				CLANG_WARN_INT_CONVERSION = YES;
				CLANG_WARN_OBJC_ROOT_CLASS = YES_ERROR;
				CLANG_WARN_UNREACHABLE_CODE = YES;
				CLANG_WARN__DUPLICATE_METHOD_MATCH = YES;
				"CODE_SIGN_IDENTITY[sdk=iphoneos*]" = "iPhone Developer";
				COPY_PHASE_STRIP = NO;
				DEBUG_INFORMATION_FORMAT = "dwarf-with-dsym";
				ENABLE_NS_ASSERTIONS = NO;
				ENABLE_STRICT_OBJC_MSGSEND = YES;
				GCC_C_LANGUAGE_STANDARD = gnu99;
				GCC_NO_COMMON_BLOCKS = YES;
				GCC_WARN_64_TO_32_BIT_CONVERSION = YES;
				GCC_WARN_ABOUT_RETURN_TYPE = YES_ERROR;
				GCC_WARN_UNDECLARED_SELECTOR = YES;
				GCC_WARN_UNINITIALIZED_AUTOS = YES_AGGRESSIVE;
				GCC_WARN_UNUSED_FUNCTION = YES;
				GCC_WARN_UNUSED_VARIABLE = YES;
				IPHONEOS_DEPLOYMENT_TARGET = 9.1;
				MTL_ENABLE_DEBUG_INFO = NO;
				SDKROOT = iphoneos;
				TARGETED_DEVICE_FAMILY = "1,2";
				VALIDATE_PRODUCT = YES;
			};
			name = Release;
		};
		DB6188F21C07C12D002D9D97 /* Debug */ = {
			isa = XCBuildConfiguration;
			buildSettings = {
				ASSETCATALOG_COMPILER_APPICON_NAME = AppIcon;
				INFOPLIST_FILE = FermataBeta2/Info.plist;
				LD_RUNPATH_SEARCH_PATHS = "$(inherited) @executable_path/Frameworks";
				PRODUCT_BUNDLE_IDENTIFIER = com.example.FermataBeta2;
				PRODUCT_NAME = "$(TARGET_NAME)";
			};
			name = Debug;
		};
		DB6188F31C07C12D002D9D97 /* Release */ = {
			isa = XCBuildConfiguration;
			buildSettings = {
				ASSETCATALOG_COMPILER_APPICON_NAME = AppIcon;
				INFOPLIST_FILE = FermataBeta2/Info.plist;
				LD_RUNPATH_SEARCH_PATHS = "$(inherited) @executable_path/Frameworks";
				PRODUCT_BUNDLE_IDENTIFIER = com.example.FermataBeta2;
				PRODUCT_NAME = "$(TARGET_NAME)";
			};
			name = Release;
		};
		DB6188F51C07C12D002D9D97 /* Debug */ = {
			isa = XCBuildConfiguration;
			buildSettings = {
				BUNDLE_LOADER = "$(TEST_HOST)";
				INFOPLIST_FILE = FermataBeta2Tests/Info.plist;
				LD_RUNPATH_SEARCH_PATHS = "$(inherited) @executable_path/Frameworks @loader_path/Frameworks";
				PRODUCT_BUNDLE_IDENTIFIER = com.example.FermataBeta2Tests;
				PRODUCT_NAME = "$(TARGET_NAME)";
				TEST_HOST = "$(BUILT_PRODUCTS_DIR)/FermataBeta2.app/FermataBeta2";
			};
			name = Debug;
		};
		DB6188F61C07C12D002D9D97 /* Release */ = {
			isa = XCBuildConfiguration;
			buildSettings = {
				BUNDLE_LOADER = "$(TEST_HOST)";
				INFOPLIST_FILE = FermataBeta2Tests/Info.plist;
				LD_RUNPATH_SEARCH_PATHS = "$(inherited) @executable_path/Frameworks @loader_path/Frameworks";
				PRODUCT_BUNDLE_IDENTIFIER = com.example.FermataBeta2Tests;
				PRODUCT_NAME = "$(TARGET_NAME)";
				TEST_HOST = "$(BUILT_PRODUCTS_DIR)/FermataBeta2.app/FermataBeta2";
			};
			name = Release;
		};
		DB6188F81C07C12D002D9D97 /* Debug */ = {
			isa = XCBuildConfiguration;
			buildSettings = {
				INFOPLIST_FILE = FermataBeta2UITests/Info.plist;
				LD_RUNPATH_SEARCH_PATHS = "$(inherited) @executable_path/Frameworks @loader_path/Frameworks";
				PRODUCT_BUNDLE_IDENTIFIER = com.example.FermataBeta2UITests;
				PRODUCT_NAME = "$(TARGET_NAME)";
				TEST_TARGET_NAME = FermataBeta2;
				USES_XCTRUNNER = YES;
			};
			name = Debug;
		};
		DB6188F91C07C12D002D9D97 /* Release */ = {
			isa = XCBuildConfiguration;
			buildSettings = {
				INFOPLIST_FILE = FermataBeta2UITests/Info.plist;
				LD_RUNPATH_SEARCH_PATHS = "$(inherited) @executable_path/Frameworks @loader_path/Frameworks";
				PRODUCT_BUNDLE_IDENTIFIER = com.example.FermataBeta2UITests;
				PRODUCT_NAME = "$(TARGET_NAME)";
				TEST_TARGET_NAME = FermataBeta2;
				USES_XCTRUNNER = YES;
			};
			name = Release;
		};
/* End XCBuildConfiguration section */

/* Begin XCConfigurationList section */
		DB6188C41C07C12D002D9D97 /* Build configuration list for PBXProject "FermataBeta2" */ = {
			isa = XCConfigurationList;
			buildConfigurations = (
				DB6188EF1C07C12D002D9D97 /* Debug */,
				DB6188F01C07C12D002D9D97 /* Release */,
			);
			defaultConfigurationIsVisible = 0;
			defaultConfigurationName = Release;
		};
		DB6188F11C07C12D002D9D97 /* Build configuration list for PBXNativeTarget "FermataBeta2" */ = {
			isa = XCConfigurationList;
			buildConfigurations = (
				DB6188F21C07C12D002D9D97 /* Debug */,
				DB6188F31C07C12D002D9D97 /* Release */,
			);
			defaultConfigurationIsVisible = 0;
		};
		DB6188F41C07C12D002D9D97 /* Build configuration list for PBXNativeTarget "FermataBeta2Tests" */ = {
			isa = XCConfigurationList;
			buildConfigurations = (
				DB6188F51C07C12D002D9D97 /* Debug */,
				DB6188F61C07C12D002D9D97 /* Release */,
			);
			defaultConfigurationIsVisible = 0;
		};
		DB6188F71C07C12D002D9D97 /* Build configuration list for PBXNativeTarget "FermataBeta2UITests" */ = {
			isa = XCConfigurationList;
			buildConfigurations = (
				DB6188F81C07C12D002D9D97 /* Debug */,
				DB6188F91C07C12D002D9D97 /* Release */,
			);
			defaultConfigurationIsVisible = 0;
		};
/* End XCConfigurationList section */
	};
	rootObject = DB6188C11C07C12D002D9D97 /* Project object */;
}
